# This file is automatically @generated by Cargo.
# It is not intended for manual editing.
version = 4

[[package]]
name = "simple-add-crate"
version = "0.3.0"
source = "git+https://github.com/razorfrost44/rust-simple-add-crate.git#a31098797aee63399526983863773abb57193227"

[[package]]
name = "use-other-crates"
version = "0.1.0"
dependencies = [
 "simple-add-crate",
]
